
Microsoft Visual Studio Solution File, Format Version 12.00
# Visual Studio Version 17
VisualStudioVersion = 17.5.33530.505
MinimumVisualStudioVersion = 10.0.40219.1
Project("{FAE04EC0-301F-11D3-BF4B-00C04F79EFBC}") = "WpfApp2", "WpfApp2\WpfApp2.csproj", "{C4CE8431-0800-4D43-8903-ACB41E0AD9F1}"
EndProject
Global
	GlobalSection(SolutionConfigurationPlatforms) = preSolution
		Debug|Any CPU = Debug|Any CPU
		Release|Any CPU = Release|Any CPU
	EndGlobalSection
	GlobalSection(ProjectConfigurationPlatforms) = postSolution
		{C4CE8431-0800-4D43-8903-ACB41E0AD9F1}.Debug|Any CPU.ActiveCfg = Debug|Any CPU
		{C4CE8431-0800-4D43-8903-ACB41E0AD9F1}.Debug|Any CPU.Build.0 = Debug|Any CPU
		{C4CE8431-0800-4D43-8903-ACB41E0AD9F1}.Release|Any CPU.ActiveCfg = Release|Any CPU
		{C4CE8431-0800-4D43-8903-ACB41E0AD9F1}.Release|Any CPU.Build.0 = Release|Any CPU
	EndGlobalSection
	GlobalSection(SolutionProperties) = preSolution
		HideSolutionNode = FALSE
	EndGlobalSection
	GlobalSection(ExtensibilityGlobals) = postSolution
		SolutionGuid = {579866DC-F824-4436-B2B9-F6016EE42942}
	EndGlobalSection
EndGlobal
